{
  "name": "agent-ascii",
  "version": "1.14.0",
  "lockfileVersion": 3,
  "requires": true,
  "packages": {
    "": {
      "name": "agent-ascii",
      "version": "1.14.0",
      "license": "Apache-2.0",
      "bin": {
        "agent-ascii": "bin/agent-ascii.js"
      },
      "engines": {
        "node": ">=18"
      },
      "optionalDependencies": {
        "@agent-ascii/darwin-arm64": "1.14.0",
        "@agent-ascii/darwin-x64": "1.14.0",
        "@agent-ascii/linux-arm64": "1.14.0",
        "@agent-ascii/linux-x64": "1.14.0",
        "@agent-ascii/win32-x64": "1.14.0"
      }
    },
    "node_modules/@agent-ascii/darwin-arm64": {
      "optional": true
    },
    "node_modules/@agent-ascii/darwin-x64": {
      "optional": true
    },
    "node_modules/@agent-ascii/linux-arm64": {
      "optional": true
    },
    "node_modules/@agent-ascii/linux-x64": {
      "optional": true
    },
    "node_modules/@agent-ascii/win32-x64": {
      "optional": true
    }
  }
}
